// !$*UTF8*$!
{
	archiveVersion = 1;
	classes = {
	};
	objectVersion = 48;
	objects = {

/* Begin PBXBuildFile section */
		D17E39811FDD481A000E58CA /* Meal.swift in Sources */ = {isa = PBXBuildFile; fileRef = D17E39801FDD481A000E58CA /* Meal.swift */; };
		D17E39831FDD74BC000E58CA /* MealTableViewCell.swift in Sources */ = {isa = PBXBuildFile; fileRef = D17E39821FDD74BC000E58CA /* MealTableViewCell.swift */; };
		D17E39851FDD7E65000E58CA /* MealTableViewController.swift in Sources */ = {isa = PBXBuildFile; fileRef = D17E39841FDD7E65000E58CA /* MealTableViewController.swift */; };
		D19AEF721FDBFCC700F24C67 /* AppDelegate.swift in Sources */ = {isa = PBXBuildFile; fileRef = D19AEF711FDBFCC700F24C67 /* AppDelegate.swift */; };
		D19AEF741FDBFCC700F24C67 /* MealViewController.swift in Sources */ = {isa = PBXBuildFile; fileRef = D19AEF731FDBFCC700F24C67 /* MealViewController.swift */; };
		D19AEF771FDBFCC700F24C67 /* Main.storyboard in Resources */ = {isa = PBXBuildFile; fileRef = D19AEF751FDBFCC700F24C67 /* Main.storyboard */; };
		D19AEF791FDBFCC700F24C67 /* Assets.xcassets in Resources */ = {isa = PBXBuildFile; fileRef = D19AEF781FDBFCC700F24C67 /* Assets.xcassets */; };
		D19AEF7C1FDBFCC700F24C67 /* LaunchScreen.storyboard in Resources */ = {isa = PBXBuildFile; fileRef = D19AEF7A1FDBFCC700F24C67 /* LaunchScreen.storyboard */; };
		D19AEF871FDBFCC700F24C67 /* OcenaHraneTests.swift in Sources */ = {isa = PBXBuildFile; fileRef = D19AEF861FDBFCC700F24C67 /* OcenaHraneTests.swift */; };
		D19AEF941FDC3E7E00F24C67 /* RatingControl.swift in Sources */ = {isa = PBXBuildFile; fileRef = D19AEF931FDC3E7E00F24C67 /* RatingControl.swift */; };
/* End PBXBuildFile section */

/* Begin PBXContainerItemProxy section */
		D19AEF831FDBFCC700F24C67 /* PBXContainerItemProxy */ = {
			isa = PBXContainerItemProxy;
			containerPortal = D19AEF661FDBFCC700F24C67 /* Project object */;
			proxyType = 1;
			remoteGlobalIDString = D19AEF6D1FDBFCC700F24C67;
			remoteInfo = OcenaHrane;
		};
/* End PBXContainerItemProxy section */

/* Begin PBXFileReference section */
		D17E39801FDD481A000E58CA /* Meal.swift */ = {isa = PBXFileReference; lastKnownFileType = sourcecode.swift; path = Meal.swift; sourceTree = "<group>"; };
		D17E39821FDD74BC000E58CA /* MealTableViewCell.swift */ = {isa = PBXFileReference; lastKnownFileType = sourcecode.swift; path = MealTableViewCell.swift; sourceTree = "<group>"; };
		D17E39841FDD7E65000E58CA /* MealTableViewController.swift */ = {isa = PBXFileReference; lastKnownFileType = sourcecode.swift; path = MealTableViewController.swift; sourceTree = "<group>"; };
		D19AEF6E1FDBFCC700F24C67 /* OcenaHrane.app */ = {isa = PBXFileReference; explicitFileType = wrapper.application; includeInIndex = 0; path = OcenaHrane.app; sourceTree = BUILT_PRODUCTS_DIR; };
		D19AEF711FDBFCC700F24C67 /* AppDelegate.swift */ = {isa = PBXFileReference; lastKnownFileType = sourcecode.swift; path = AppDelegate.swift; sourceTree = "<group>"; };
		D19AEF731FDBFCC700F24C67 /* MealViewController.swift */ = {isa = PBXFileReference; lastKnownFileType = sourcecode.swift; path = MealViewController.swift; sourceTree = "<group>"; };
		D19AEF761FDBFCC700F24C67 /* Base */ = {isa = PBXFileReference; lastKnownFileType = file.storyboard; name = Base; path = Base.lproj/Main.storyboard; sourceTree = "<group>"; };
		D19AEF781FDBFCC700F24C67 /* Assets.xcassets */ = {isa = PBXFileReference; lastKnownFileType = folder.assetcatalog; path = Assets.xcassets; sourceTree = "<group>"; };
		D19AEF7B1FDBFCC700F24C67 /* Base */ = {isa = PBXFileReference; lastKnownFileType = file.storyboard; name = Base; path = Base.lproj/LaunchScreen.storyboard; sourceTree = "<group>"; };
		D19AEF7D1FDBFCC700F24C67 /* Info.plist */ = {isa = PBXFileReference; lastKnownFileType = text.plist.xml; path = Info.plist; sourceTree = "<group>"; };
		D19AEF821FDBFCC700F24C67 /* OcenaHraneTests.xctest */ = {isa = PBXFileReference; explicitFileType = wrapper.cfbundle; includeInIndex = 0; path = OcenaHraneTests.xctest; sourceTree = BUILT_PRODUCTS_DIR; };
		D19AEF861FDBFCC700F24C67 /* OcenaHraneTests.swift */ = {isa = PBXFileReference; lastKnownFileType = sourcecode.swift; path = OcenaHraneTests.swift; sourceTree = "<group>"; };
		D19AEF881FDBFCC700F24C67 /* Info.plist */ = {isa = PBXFileReference; lastKnownFileType = text.plist.xml; path = Info.plist; sourceTree = "<group>"; };
		D19AEF931FDC3E7E00F24C67 /* RatingControl.swift */ = {isa = PBXFileReference; lastKnownFileType = sourcecode.swift; path = RatingControl.swift; sourceTree = "<group>"; };
/* End PBXFileReference section */

/* Begin PBXFrameworksBuildPhase section */
		D19AEF6B1FDBFCC700F24C67 /* Frameworks */ = {
			isa = PBXFrameworksBuildPhase;
			buildActionMask = 2147483647;
			files = (
			);
			runOnlyForDeploymentPostprocessing = 0;
		};
		D19AEF7F1FDBFCC700F24C67 /* Frameworks */ = {
			isa = PBXFrameworksBuildPhase;
			buildActionMask = 2147483647;
			files = (
			);
			runOnlyForDeploymentPostprocessing = 0;
		};
/* End PBXFrameworksBuildPhase section */

/* Begin PBXGroup section */
		D19AEF651FDBFCC700F24C67 = {
			isa = PBXGroup;
			children = (
				D19AEF701FDBFCC700F24C67 /* OcenaHrane */,
				D19AEF851FDBFCC700F24C67 /* OcenaHraneTests */,
				D19AEF6F1FDBFCC700F24C67 /* Products */,
			);
			sourceTree = "<group>";
		};
		D19AEF6F1FDBFCC700F24C67 /* Products */ = {
			isa = PBXGroup;
			children = (
				D19AEF6E1FDBFCC700F24C67 /* OcenaHrane.app */,
				D19AEF821FDBFCC700F24C67 /* OcenaHraneTests.xctest */,
			);
			name = Products;
			sourceTree = "<group>";
		};
		D19AEF701FDBFCC700F24C67 /* OcenaHrane */ = {
			isa = PBXGroup;
			children = (
				D19AEF711FDBFCC700F24C67 /* AppDelegate.swift */,
				D19AEF731FDBFCC700F24C67 /* MealViewController.swift */,
				D19AEF931FDC3E7E00F24C67 /* RatingControl.swift */,
				D17E39801FDD481A000E58CA /* Meal.swift */,
				D17E39821FDD74BC000E58CA /* MealTableViewCell.swift */,
				D17E39841FDD7E65000E58CA /* MealTableViewController.swift */,
				D19AEF751FDBFCC700F24C67 /* Main.storyboard */,
				D19AEF781FDBFCC700F24C67 /* Assets.xcassets */,
				D19AEF7A1FDBFCC700F24C67 /* LaunchScreen.storyboard */,
				D19AEF7D1FDBFCC700F24C67 /* Info.plist */,
			);
			path = OcenaHrane;
			sourceTree = "<group>";
		};
		D19AEF851FDBFCC700F24C67 /* OcenaHraneTests */ = {
			isa = PBXGroup;
			children = (
				D19AEF861FDBFCC700F24C67 /* OcenaHraneTests.swift */,
				D19AEF881FDBFCC700F24C67 /* Info.plist */,
			);
			path = OcenaHraneTests;
			sourceTree = "<group>";
		};
/* End PBXGroup section */

/* Begin PBXNativeTarget section */
		D19AEF6D1FDBFCC700F24C67 /* OcenaHrane */ = {
			isa = PBXNativeTarget;
			buildConfigurationList = D19AEF8B1FDBFCC700F24C67 /* Build configuration list for PBXNativeTarget "OcenaHrane" */;
			buildPhases = (
				D19AEF6A1FDBFCC700F24C67 /* Sources */,
				D19AEF6B1FDBFCC700F24C67 /* Frameworks */,
				D19AEF6C1FDBFCC700F24C67 /* Resources */,
			);
			buildRules = (
			);
			dependencies = (
			);
			name = OcenaHrane;
			productName = OcenaHrane;
			productReference = D19AEF6E1FDBFCC700F24C67 /* OcenaHrane.app */;
			productType = "com.apple.product-type.application";
		};
		D19AEF811FDBFCC700F24C67 /* OcenaHraneTests */ = {
			isa = PBXNativeTarget;
			buildConfigurationList = D19AEF8E1FDBFCC700F24C67 /* Build configuration list for PBXNativeTarget "OcenaHraneTests" */;
			buildPhases = (
				D19AEF7E1FDBFCC700F24C67 /* Sources */,
				D19AEF7F1FDBFCC700F24C67 /* Frameworks */,
				D19AEF801FDBFCC700F24C67 /* Resources */,
			);
			buildRules = (
			);
			dependencies = (
				D19AEF841FDBFCC700F24C67 /* PBXTargetDependency */,
			);
			name = OcenaHraneTests;
			productName = OcenaHraneTests;
			productReference = D19AEF821FDBFCC700F24C67 /* OcenaHraneTests.xctest */;
			productType = "com.apple.product-type.bundle.unit-test";
		};
/* End PBXNativeTarget section */

/* Begin PBXProject section */
		D19AEF661FDBFCC700F24C67 /* Project object */ = {
			isa = PBXProject;
			attributes = {
				LastSwiftUpdateCheck = 0920;
				LastUpgradeCheck = 0920;
				ORGANIZATIONNAME = "Miroslav Mirovic";
				TargetAttributes = {
					D19AEF6D1FDBFCC700F24C67 = {
						CreatedOnToolsVersion = 9.2;
						ProvisioningStyle = Automatic;
					};
					D19AEF811FDBFCC700F24C67 = {
						CreatedOnToolsVersion = 9.2;
						ProvisioningStyle = Automatic;
						TestTargetID = D19AEF6D1FDBFCC700F24C67;
					};
				};
			};
			buildConfigurationList = D19AEF691FDBFCC700F24C67 /* Build configuration list for PBXProject "OcenaHrane" */;
			compatibilityVersion = "Xcode 8.0";
			developmentRegion = en;
			hasScannedForEncodings = 0;
			knownRegions = (
				en,
				Base,
			);
			mainGroup = D19AEF651FDBFCC700F24C67;
			productRefGroup = D19AEF6F1FDBFCC700F24C67 /* Products */;
			projectDirPath = "";
			projectRoot = "";
			targets = (
				D19AEF6D1FDBFCC700F24C67 /* OcenaHrane */,
				D19AEF811FDBFCC700F24C67 /* OcenaHraneTests */,
			);
		};
/* End PBXProject section */

/* Begin PBXResourcesBuildPhase section */
		D19AEF6C1FDBFCC700F24C67 /* Resources */ = {
			isa = PBXResourcesBuildPhase;
			buildActionMask = 2147483647;
			files = (
				D19AEF7C1FDBFCC700F24C67 /* LaunchScreen.storyboard in Resources */,
				D19AEF791FDBFCC700F24C67 /* Assets.xcassets in Resources */,
				D19AEF771FDBFCC700F24C67 /* Main.storyboard in Resources */,
			);
			runOnlyForDeploymentPostprocessing = 0;
		};
		D19AEF801FDBFCC700F24C67 /* Resources */ = {
			isa = PBXResourcesBuildPhase;
			buildActionMask = 2147483647;
			files = (
			);
			runOnlyForDeploymentPostprocessing = 0;
		};
/* End PBXResourcesBuildPhase section */

/* Begin PBXSourcesBuildPhase section */
		D19AEF6A1FDBFCC700F24C67 /* Sources */ = {
			isa = PBXSourcesBuildPhase;
			buildActionMask = 2147483647;
			files = (
				D17E39811FDD481A000E58CA /* Meal.swift in Sources */,
				D19AEF741FDBFCC700F24C67 /* MealViewController.swift in Sources */,
				D19AEF941FDC3E7E00F24C67 /* RatingControl.swift in Sources */,
				D19AEF721FDBFCC700F24C67 /* AppDelegate.swift in Sources */,
				D17E39851FDD7E65000E58CA /* MealTableViewController.swift in Sources */,
				D17E39831FDD74BC000E58CA /* MealTableViewCell.swift in Sources */,
			);
			runOnlyForDeploymentPostprocessing = 0;
		};
		D19AEF7E1FDBFCC700F24C67 /* Sources */ = {
			isa = PBXSourcesBuildPhase;
			buildActionMask = 2147483647;
			files = (
				D19AEF871FDBFCC700F24C67 /* OcenaHraneTests.swift in Sources */,
			);
			runOnlyForDeploymentPostprocessing = 0;
		};
/* End PBXSourcesBuildPhase section */

/* Begin PBXTargetDependency section */
		D19AEF841FDBFCC700F24C67 /* PBXTargetDependency */ = {
			isa = PBXTargetDependency;
			target = D19AEF6D1FDBFCC700F24C67 /* OcenaHrane */;
			targetProxy = D19AEF831FDBFCC700F24C67 /* PBXContainerItemProxy */;
		};
/* End PBXTargetDependency section */

/* Begin PBXVariantGroup section */
		D19AEF751FDBFCC700F24C67 /* Main.storyboard */ = {
			isa = PBXVariantGroup;
			children = (
				D19AEF761FDBFCC700F24C67 /* Base */,
			);
			name = Main.storyboard;
			sourceTree = "<group>";
		};
		D19AEF7A1FDBFCC700F24C67 /* LaunchScreen.storyboard */ = {
			isa = PBXVariantGroup;
			children = (
				D19AEF7B1FDBFCC700F24C67 /* Base */,
			);
			name = LaunchScreen.storyboard;
			sourceTree = "<group>";
		};
/* End PBXVariantGroup section */

/* Begin XCBuildConfiguration section */
		D19AEF891FDBFCC700F24C67 /* Debug */ = {
			isa = XCBuildConfiguration;
			buildSettings = {
				ALWAYS_SEARCH_USER_PATHS = NO;
				CLANG_ANALYZER_NONNULL = YES;
				CLANG_ANALYZER_NUMBER_OBJECT_CONVERSION = YES_AGGRESSIVE;
				CLANG_CXX_LANGUAGE_STANDARD = "gnu++14";
				CLANG_CXX_LIBRARY = "libc++";
				CLANG_ENABLE_MODULES = YES;
				CLANG_ENABLE_OBJC_ARC = YES;
				CLANG_WARN_BLOCK_CAPTURE_AUTORELEASING = YES;
				CLANG_WARN_BOOL_CONVERSION = YES;
				CLANG_WARN_COMMA = YES;
				CLANG_WARN_CONSTANT_CONVERSION = YES;
				CLANG_WARN_DIRECT_OBJC_ISA_USAGE = YES_ERROR;
				CLANG_WARN_DOCUMENTATION_COMMENTS = YES;
				CLANG_WARN_EMPTY_BODY = YES;
				CLANG_WARN_ENUM_CONVERSION = YES;
				CLANG_WARN_INFINITE_RECURSION = YES;
				CLANG_WARN_INT_CONVERSION = YES;
				CLANG_WARN_NON_LITERAL_NULL_CONVERSION = YES;
				CLANG_WARN_OBJC_LITERAL_CONVERSION = YES;
				CLANG_WARN_OBJC_ROOT_CLASS = YES_ERROR;
				CLANG_WARN_RANGE_LOOP_ANALYSIS = YES;
				CLANG_WARN_STRICT_PROTOTYPES = YES;
				CLANG_WARN_SUSPICIOUS_MOVE = YES;
				CLANG_WARN_UNGUARDED_AVAILABILITY = YES_AGGRESSIVE;
				CLANG_WARN_UNREACHABLE_CODE = YES;
				CLANG_WARN__DUPLICATE_METHOD_MATCH = YES;
				CODE_SIGN_IDENTITY = "iPhone Developer";
				COPY_PHASE_STRIP = NO;
				DEBUG_INFORMATION_FORMAT = dwarf;
				ENABLE_STRICT_OBJC_MSGSEND = YES;
				ENABLE_TESTABILITY = YES;
				GCC_C_LANGUAGE_STANDARD = gnu11;
				GCC_DYNAMIC_NO_PIC = NO;
				GCC_NO_COMMON_BLOCKS = YES;
				GCC_OPTIMIZATION_LEVEL = 0;
				GCC_PREPROCESSOR_DEFINITIONS = (
					"DEBUG=1",
					"$(inherited)",
				);
				GCC_WARN_64_TO_32_BIT_CONVERSION = YES;
				GCC_WARN_ABOUT_RETURN_TYPE = YES_ERROR;
				GCC_WARN_UNDECLARED_SELECTOR = YES;
				GCC_WARN_UNINITIALIZED_AUTOS = YES_AGGRESSIVE;
				GCC_WARN_UNUSED_FUNCTION = YES;
				GCC_WARN_UNUSED_VARIABLE = YES;
				IPHONEOS_DEPLOYMENT_TARGET = 11.2;
				MTL_ENABLE_DEBUG_INFO = YES;
				ONLY_ACTIVE_ARCH = YES;
				SDKROOT = iphoneos;
				SWIFT_ACTIVE_COMPILATION_CONDITIONS = DEBUG;
				SWIFT_OPTIMIZATION_LEVEL = "-Onone";
			};
			name = Debug;
		};
		D19AEF8A1FDBFCC700F24C67 /* Release */ = {
			isa = XCBuildConfiguration;
			buildSettings = {
				ALWAYS_SEARCH_USER_PATHS = NO;
				CLANG_ANALYZER_NONNULL = YES;
				CLANG_ANALYZER_NUMBER_OBJECT_CONVERSION = YES_AGGRESSIVE;
				CLANG_CXX_LANGUAGE_STANDARD = "gnu++14";
				CLANG_CXX_LIBRARY = "libc++";
				CLANG_ENABLE_MODULES = YES;
				CLANG_ENABLE_OBJC_ARC = YES;
				CLANG_WARN_BLOCK_CAPTURE_AUTORELEASING = YES;
				CLANG_WARN_BOOL_CONVERSION = YES;
				CLANG_WARN_COMMA = YES;
				CLANG_WARN_CONSTANT_CONVERSION = YES;
				CLANG_WARN_DIRECT_OBJC_ISA_USAGE = YES_ERROR;
				CLANG_WARN_DOCUMENTATION_COMMENTS = YES;
				CLANG_WARN_EMPTY_BODY = YES;
				CLANG_WARN_ENUM_CONVERSION = YES;
				CLANG_WARN_INFINITE_RECURSION = YES;
				CLANG_WARN_INT_CONVERSION = YES;
				CLANG_WARN_NON_LITERAL_NULL_CONVERSION = YES;
				CLANG_WARN_OBJC_LITERAL_CONVERSION = YES;
				CLANG_WARN_OBJC_ROOT_CLASS = YES_ERROR;
				CLANG_WARN_RANGE_LOOP_ANALYSIS = YES;
				CLANG_WARN_STRICT_PROTOTYPES = YES;
				CLANG_WARN_SUSPICIOUS_MOVE = YES;
				CLANG_WARN_UNGUARDED_AVAILABILITY = YES_AGGRESSIVE;
				CLANG_WARN_UNREACHABLE_CODE = YES;
				CLANG_WARN__DUPLICATE_METHOD_MATCH = YES;
				CODE_SIGN_IDENTITY = "iPhone Developer";
				COPY_PHASE_STRIP = NO;
				DEBUG_INFORMATION_FORMAT = "dwarf-with-dsym";
				ENABLE_NS_ASSERTIONS = NO;
				ENABLE_STRICT_OBJC_MSGSEND = YES;
				GCC_C_LANGUAGE_STANDARD = gnu11;
				GCC_NO_COMMON_BLOCKS = YES;
				GCC_WARN_64_TO_32_BIT_CONVERSION = YES;
				GCC_WARN_ABOUT_RETURN_TYPE = YES_ERROR;
				GCC_WARN_UNDECLARED_SELECTOR = YES;
				GCC_WARN_UNINITIALIZED_AUTOS = YES_AGGRESSIVE;
				GCC_WARN_UNUSED_FUNCTION = YES;
				GCC_WARN_UNUSED_VARIABLE = YES;
				IPHONEOS_DEPLOYMENT_TARGET = 11.2;
				MTL_ENABLE_DEBUG_INFO = NO;
				SDKROOT = iphoneos;
				SWIFT_OPTIMIZATION_LEVEL = "-Owholemodule";
				VALIDATE_PRODUCT = YES;
			};
			name = Release;
		};
		D19AEF8C1FDBFCC700F24C67 /* Debug */ = {
			isa = XCBuildConfiguration;
			buildSettings = {
				ASSETCATALOG_COMPILER_APPICON_NAME = AppIcon;
				CODE_SIGN_STYLE = Automatic;
				INFOPLIST_FILE = OcenaHrane/Info.plist;
				LD_RUNPATH_SEARCH_PATHS = "$(inherited) @executable_path/Frameworks";
				PRODUCT_BUNDLE_IDENTIFIER = "Xcode-Lessons.OcenaHrane";
				PRODUCT_NAME = "$(TARGET_NAME)";
				SWIFT_VERSION = 4.0;
				TARGETED_DEVICE_FAMILY = "1,2";
			};
			name = Debug;
		};
		D19AEF8D1FDBFCC700F24C67 /* Release */ = {
			isa = XCBuildConfiguration;
			buildSettings = {
				ASSETCATALOG_COMPILER_APPICON_NAME = AppIcon;
				CODE_SIGN_STYLE = Automatic;
				INFOPLIST_FILE = OcenaHrane/Info.plist;
				LD_RUNPATH_SEARCH_PATHS = "$(inherited) @executable_path/Frameworks";
				PRODUCT_BUNDLE_IDENTIFIER = "Xcode-Lessons.OcenaHrane";
				PRODUCT_NAME = "$(TARGET_NAME)";
				SWIFT_VERSION = 4.0;
				TARGETED_DEVICE_FAMILY = "1,2";
			};
			name = Release;
		};
		D19AEF8F1FDBFCC700F24C67 /* Debug */ = {
			isa = XCBuildConfiguration;
			buildSettings = {
				ALWAYS_EMBED_SWIFT_STANDARD_LIBRARIES = YES;
				BUNDLE_LOADER = "$(TEST_HOST)";
				CODE_SIGN_STYLE = Automatic;
				INFOPLIST_FILE = OcenaHraneTests/Info.plist;
				LD_RUNPATH_SEARCH_PATHS = "$(inherited) @executable_path/Frameworks @loader_path/Frameworks";
				PRODUCT_BUNDLE_IDENTIFIER = "Xcode-Lessons.OcenaHraneTests";
				PRODUCT_NAME = "$(TARGET_NAME)";
				SWIFT_VERSION = 4.0;
				TARGETED_DEVICE_FAMILY = "1,2";
				TEST_HOST = "$(BUILT_PRODUCTS_DIR)/OcenaHrane.app/OcenaHrane";
			};
			name = Debug;
		};
		D19AEF901FDBFCC700F24C67 /* Release */ = {
			isa = XCBuildConfiguration;
			buildSettings = {
				ALWAYS_EMBED_SWIFT_STANDARD_LIBRARIES = YES;
				BUNDLE_LOADER = "$(TEST_HOST)";
				CODE_SIGN_STYLE = Automatic;
				INFOPLIST_FILE = OcenaHraneTests/Info.plist;
				LD_RUNPATH_SEARCH_PATHS = "$(inherited) @executable_path/Frameworks @loader_path/Frameworks";
				PRODUCT_BUNDLE_IDENTIFIER = "Xcode-Lessons.OcenaHraneTests";
				PRODUCT_NAME = "$(TARGET_NAME)";
				SWIFT_VERSION = 4.0;
				TARGETED_DEVICE_FAMILY = "1,2";
				TEST_HOST = "$(BUILT_PRODUCTS_DIR)/OcenaHrane.app/OcenaHrane";
			};
			name = Release;
		};
/* End XCBuildConfiguration section */

/* Begin XCConfigurationList section */
		D19AEF691FDBFCC700F24C67 /* Build configuration list for PBXProject "OcenaHrane" */ = {
			isa = XCConfigurationList;
			buildConfigurations = (
				D19AEF891FDBFCC700F24C67 /* Debug */,
				D19AEF8A1FDBFCC700F24C67 /* Release */,
			);
			defaultConfigurationIsVisible = 0;
			defaultConfigurationName = Release;
		};
		D19AEF8B1FDBFCC700F24C67 /* Build configuration list for PBXNativeTarget "OcenaHrane" */ = {
			isa = XCConfigurationList;
			buildConfigurations = (
				D19AEF8C1FDBFCC700F24C67 /* Debug */,
				D19AEF8D1FDBFCC700F24C67 /* Release */,
			);
			defaultConfigurationIsVisible = 0;
			defaultConfigurationName = Release;
		};
		D19AEF8E1FDBFCC700F24C67 /* Build configuration list for PBXNativeTarget "OcenaHraneTests" */ = {
			isa = XCConfigurationList;
			buildConfigurations = (
				D19AEF8F1FDBFCC700F24C67 /* Debug */,
				D19AEF901FDBFCC700F24C67 /* Release */,
			);
			defaultConfigurationIsVisible = 0;
			defaultConfigurationName = Release;
		};
/* End XCConfigurationList section */
	};
	rootObject = D19AEF661FDBFCC700F24C67 /* Project object */;
}
